
Microsoft Visual Studio Solution File, Format Version 12.00
# Visual Studio Version 16
VisualStudioVersion = 16.0.31702.278
MinimumVisualStudioVersion = 10.0.40219.1
Project("{9A19103F-16F7-4668-BE54-9A1E7A4F7556}") = "Joao.Business", "src\Business\Joao.Business.csproj", "{C537046A-EC4D-4522-980B-7BA42FDED1C3}"
EndProject
Project("{9A19103F-16F7-4668-BE54-9A1E7A4F7556}") = "Joao.Data", "src\Data\Joao.Data.csproj", "{39A7EFC6-A3BA-49EE-9D8E-29A6134806F1}"
EndProject
Project("{9A19103F-16F7-4668-BE54-9A1E7A4F7556}") = "Joao.API", "src\API\Joao.API.csproj", "{B81877FA-F2A6-4FA0-A0A4-9751711AA1CE}"
EndProject
Global
	GlobalSection(SolutionConfigurationPlatforms) = preSolution
		Debug|Any CPU = Debug|Any CPU
		Release|Any CPU = Release|Any CPU
	EndGlobalSection
	GlobalSection(ProjectConfigurationPlatforms) = postSolution
		{C537046A-EC4D-4522-980B-7BA42FDED1C3}.Debug|Any CPU.ActiveCfg = Debug|Any CPU
		{C537046A-EC4D-4522-980B-7BA42FDED1C3}.Debug|Any CPU.Build.0 = Debug|Any CPU
		{C537046A-EC4D-4522-980B-7BA42FDED1C3}.Release|Any CPU.ActiveCfg = Release|Any CPU
		{C537046A-EC4D-4522-980B-7BA42FDED1C3}.Release|Any CPU.Build.0 = Release|Any CPU
		{39A7EFC6-A3BA-49EE-9D8E-29A6134806F1}.Debug|Any CPU.ActiveCfg = Debug|Any CPU
		{39A7EFC6-A3BA-49EE-9D8E-29A6134806F1}.Debug|Any CPU.Build.0 = Debug|Any CPU
		{39A7EFC6-A3BA-49EE-9D8E-29A6134806F1}.Release|Any CPU.ActiveCfg = Release|Any CPU
		{39A7EFC6-A3BA-49EE-9D8E-29A6134806F1}.Release|Any CPU.Build.0 = Release|Any CPU
		{B81877FA-F2A6-4FA0-A0A4-9751711AA1CE}.Debug|Any CPU.ActiveCfg = Debug|Any CPU
		{B81877FA-F2A6-4FA0-A0A4-9751711AA1CE}.Debug|Any CPU.Build.0 = Debug|Any CPU
		{B81877FA-F2A6-4FA0-A0A4-9751711AA1CE}.Release|Any CPU.ActiveCfg = Release|Any CPU
		{B81877FA-F2A6-4FA0-A0A4-9751711AA1CE}.Release|Any CPU.Build.0 = Release|Any CPU
	EndGlobalSection
	GlobalSection(SolutionProperties) = preSolution
		HideSolutionNode = FALSE
	EndGlobalSection
	GlobalSection(ExtensibilityGlobals) = postSolution
		SolutionGuid = {D5CCEAFA-9AEE-4A2F-88BE-6E20080988E6}
	EndGlobalSection
EndGlobal
